// !$*UTF8*$!
{
	archiveVersion = 1;
	classes = {
	};
	objectVersion = 50;
	objects = {

/* Begin PBXBuildFile section */
		AA95AC8B211E1B1E000265FA /* AppDelegate.m in Sources */ = {isa = PBXBuildFile; fileRef = AA95AC8A211E1B1E000265FA /* AppDelegate.m */; };
		AA95AC91211E1B1E000265FA /* Main.storyboard in Resources */ = {isa = PBXBuildFile; fileRef = AA95AC8F211E1B1E000265FA /* Main.storyboard */; };
		AA95AC93211E1B1F000265FA /* Assets.xcassets in Resources */ = {isa = PBXBuildFile; fileRef = AA95AC92211E1B1F000265FA /* Assets.xcassets */; };
		AA95AC96211E1B1F000265FA /* LaunchScreen.storyboard in Resources */ = {isa = PBXBuildFile; fileRef = AA95AC94211E1B1F000265FA /* LaunchScreen.storyboard */; };
		AA95AC99211E1B1F000265FA /* main.m in Sources */ = {isa = PBXBuildFile; fileRef = AA95AC98211E1B1F000265FA /* main.m */; };
		AA95ACA1211E1B3F000265FA /* MyView.m in Sources */ = {isa = PBXBuildFile; fileRef = AA95ACA0211E1B3F000265FA /* MyView.m */; };
		AA95ACA4211E2CBD000265FA /* ViewController.m in Sources */ = {isa = PBXBuildFile; fileRef = AA95ACA3211E2CBD000265FA /* ViewController.m */; };
/* End PBXBuildFile section */

/* Begin PBXFileReference section */
		AA95AC86211E1B1E000265FA /* KeyboardHide.app */ = {isa = PBXFileReference; explicitFileType = wrapper.application; includeInIndex = 0; path = KeyboardHide.app; sourceTree = BUILT_PRODUCTS_DIR; };
		AA95AC89211E1B1E000265FA /* AppDelegate.h */ = {isa = PBXFileReference; lastKnownFileType = sourcecode.c.h; path = AppDelegate.h; sourceTree = "<group>"; };
		AA95AC8A211E1B1E000265FA /* AppDelegate.m */ = {isa = PBXFileReference; lastKnownFileType = sourcecode.c.objc; path = AppDelegate.m; sourceTree = "<group>"; };
		AA95AC90211E1B1E000265FA /* Base */ = {isa = PBXFileReference; lastKnownFileType = file.storyboard; name = Base; path = Base.lproj/Main.storyboard; sourceTree = "<group>"; };
		AA95AC92211E1B1F000265FA /* Assets.xcassets */ = {isa = PBXFileReference; lastKnownFileType = folder.assetcatalog; path = Assets.xcassets; sourceTree = "<group>"; };
		AA95AC95211E1B1F000265FA /* Base */ = {isa = PBXFileReference; lastKnownFileType = file.storyboard; name = Base; path = Base.lproj/LaunchScreen.storyboard; sourceTree = "<group>"; };
		AA95AC97211E1B1F000265FA /* Info.plist */ = {isa = PBXFileReference; lastKnownFileType = text.plist.xml; path = Info.plist; sourceTree = "<group>"; };
		AA95AC98211E1B1F000265FA /* main.m */ = {isa = PBXFileReference; lastKnownFileType = sourcecode.c.objc; path = main.m; sourceTree = "<group>"; };
		AA95AC9F211E1B3F000265FA /* MyView.h */ = {isa = PBXFileReference; lastKnownFileType = sourcecode.c.h; path = MyView.h; sourceTree = "<group>"; };
		AA95ACA0211E1B3F000265FA /* MyView.m */ = {isa = PBXFileReference; lastKnownFileType = sourcecode.c.objc; path = MyView.m; sourceTree = "<group>"; };
		AA95ACA2211E2CBD000265FA /* ViewController.h */ = {isa = PBXFileReference; lastKnownFileType = sourcecode.c.h; path = ViewController.h; sourceTree = "<group>"; };
		AA95ACA3211E2CBD000265FA /* ViewController.m */ = {isa = PBXFileReference; lastKnownFileType = sourcecode.c.objc; path = ViewController.m; sourceTree = "<group>"; };
/* End PBXFileReference section */

/* Begin PBXFrameworksBuildPhase section */
		AA95AC83211E1B1E000265FA /* Frameworks */ = {
			isa = PBXFrameworksBuildPhase;
			buildActionMask = 2147483647;
			files = (
			);
			runOnlyForDeploymentPostprocessing = 0;
		};
/* End PBXFrameworksBuildPhase section */

/* Begin PBXGroup section */
		AA95AC7D211E1B1E000265FA = {
			isa = PBXGroup;
			children = (
				AA95AC88211E1B1E000265FA /* KeyboardHide */,
				AA95AC87211E1B1E000265FA /* Products */,
			);
			sourceTree = "<group>";
		};
		AA95AC87211E1B1E000265FA /* Products */ = {
			isa = PBXGroup;
			children = (
				AA95AC86211E1B1E000265FA /* KeyboardHide.app */,
			);
			name = Products;
			sourceTree = "<group>";
		};
		AA95AC88211E1B1E000265FA /* KeyboardHide */ = {
			isa = PBXGroup;
			children = (
				AA95AC89211E1B1E000265FA /* AppDelegate.h */,
				AA95AC8A211E1B1E000265FA /* AppDelegate.m */,
				AA95AC8F211E1B1E000265FA /* Main.storyboard */,
				AA95AC92211E1B1F000265FA /* Assets.xcassets */,
				AA95AC94211E1B1F000265FA /* LaunchScreen.storyboard */,
				AA95AC97211E1B1F000265FA /* Info.plist */,
				AA95AC98211E1B1F000265FA /* main.m */,
				AA95AC9F211E1B3F000265FA /* MyView.h */,
				AA95ACA0211E1B3F000265FA /* MyView.m */,
				AA95ACA2211E2CBD000265FA /* ViewController.h */,
				AA95ACA3211E2CBD000265FA /* ViewController.m */,
			);
			path = KeyboardHide;
			sourceTree = "<group>";
		};
/* End PBXGroup section */

/* Begin PBXNativeTarget section */
		AA95AC85211E1B1E000265FA /* KeyboardHide */ = {
			isa = PBXNativeTarget;
			buildConfigurationList = AA95AC9C211E1B1F000265FA /* Build configuration list for PBXNativeTarget "KeyboardHide" */;
			buildPhases = (
				AA95AC82211E1B1E000265FA /* Sources */,
				AA95AC83211E1B1E000265FA /* Frameworks */,
				AA95AC84211E1B1E000265FA /* Resources */,
			);
			buildRules = (
			);
			dependencies = (
			);
			name = KeyboardHide;
			productName = KeyboardHide;
			productReference = AA95AC86211E1B1E000265FA /* KeyboardHide.app */;
			productType = "com.apple.product-type.application";
		};
/* End PBXNativeTarget section */

/* Begin PBXProject section */
		AA95AC7E211E1B1E000265FA /* Project object */ = {
			isa = PBXProject;
			attributes = {
				LastUpgradeCheck = 0940;
				ORGANIZATIONNAME = steve;
				TargetAttributes = {
					AA95AC85211E1B1E000265FA = {
						CreatedOnToolsVersion = 9.4.1;
					};
				};
			};
			buildConfigurationList = AA95AC81211E1B1E000265FA /* Build configuration list for PBXProject "KeyboardHide" */;
			compatibilityVersion = "Xcode 9.3";
			developmentRegion = en;
			hasScannedForEncodings = 0;
			knownRegions = (
				en,
				Base,
			);
			mainGroup = AA95AC7D211E1B1E000265FA;
			productRefGroup = AA95AC87211E1B1E000265FA /* Products */;
			projectDirPath = "";
			projectRoot = "";
			targets = (
				AA95AC85211E1B1E000265FA /* KeyboardHide */,
			);
		};
/* End PBXProject section */

/* Begin PBXResourcesBuildPhase section */
		AA95AC84211E1B1E000265FA /* Resources */ = {
			isa = PBXResourcesBuildPhase;
			buildActionMask = 2147483647;
			files = (
				AA95AC96211E1B1F000265FA /* LaunchScreen.storyboard in Resources */,
				AA95AC93211E1B1F000265FA /* Assets.xcassets in Resources */,
				AA95AC91211E1B1E000265FA /* Main.storyboard in Resources */,
			);
			runOnlyForDeploymentPostprocessing = 0;
		};
/* End PBXResourcesBuildPhase section */

/* Begin PBXSourcesBuildPhase section */
		AA95AC82211E1B1E000265FA /* Sources */ = {
			isa = PBXSourcesBuildPhase;
			buildActionMask = 2147483647;
			files = (
				AA95ACA1211E1B3F000265FA /* MyView.m in Sources */,
				AA95AC99211E1B1F000265FA /* main.m in Sources */,
				AA95ACA4211E2CBD000265FA /* ViewController.m in Sources */,
				AA95AC8B211E1B1E000265FA /* AppDelegate.m in Sources */,
			);
			runOnlyForDeploymentPostprocessing = 0;
		};
/* End PBXSourcesBuildPhase section */

/* Begin PBXVariantGroup section */
		AA95AC8F211E1B1E000265FA /* Main.storyboard */ = {
			isa = PBXVariantGroup;
			children = (
				AA95AC90211E1B1E000265FA /* Base */,
			);
			name = Main.storyboard;
			sourceTree = "<group>";
		};
		AA95AC94211E1B1F000265FA /* LaunchScreen.storyboard */ = {
			isa = PBXVariantGroup;
			children = (
				AA95AC95211E1B1F000265FA /* Base */,
			);
			name = LaunchScreen.storyboard;
			sourceTree = "<group>";
		};
/* End PBXVariantGroup section */

/* Begin XCBuildConfiguration section */
		AA95AC9A211E1B1F000265FA /* Debug */ = {
			isa = XCBuildConfiguration;
			buildSettings = {
				ALWAYS_SEARCH_USER_PATHS = NO;
				CLANG_ANALYZER_NONNULL = YES;
				CLANG_ANALYZER_NUMBER_OBJECT_CONVERSION = YES_AGGRESSIVE;
				CLANG_CXX_LANGUAGE_STANDARD = "gnu++14";
				CLANG_CXX_LIBRARY = "libc++";
				CLANG_ENABLE_MODULES = YES;
				CLANG_ENABLE_OBJC_ARC = YES;
				CLANG_ENABLE_OBJC_WEAK = YES;
				CLANG_WARN_BLOCK_CAPTURE_AUTORELEASING = YES;
				CLANG_WARN_BOOL_CONVERSION = YES;
				CLANG_WARN_COMMA = YES;
				CLANG_WARN_CONSTANT_CONVERSION = YES;
				CLANG_WARN_DEPRECATED_OBJC_IMPLEMENTATIONS = YES;
				CLANG_WARN_DIRECT_OBJC_ISA_USAGE = YES_ERROR;
				CLANG_WARN_DOCUMENTATION_COMMENTS = YES;
				CLANG_WARN_EMPTY_BODY = YES;
				CLANG_WARN_ENUM_CONVERSION = YES;
				CLANG_WARN_INFINITE_RECURSION = YES;
				CLANG_WARN_INT_CONVERSION = YES;
				CLANG_WARN_NON_LITERAL_NULL_CONVERSION = YES;
				CLANG_WARN_OBJC_IMPLICIT_RETAIN_SELF = YES;
				CLANG_WARN_OBJC_LITERAL_CONVERSION = YES;
				CLANG_WARN_OBJC_ROOT_CLASS = YES_ERROR;
				CLANG_WARN_RANGE_LOOP_ANALYSIS = YES;
				CLANG_WARN_STRICT_PROTOTYPES = YES;
				CLANG_WARN_SUSPICIOUS_MOVE = YES;
				CLANG_WARN_UNGUARDED_AVAILABILITY = YES_AGGRESSIVE;
				CLANG_WARN_UNREACHABLE_CODE = YES;
				CLANG_WARN__DUPLICATE_METHOD_MATCH = YES;
				CODE_SIGN_IDENTITY = "iPhone Developer";
				COPY_PHASE_STRIP = NO;
				DEBUG_INFORMATION_FORMAT = dwarf;
				ENABLE_STRICT_OBJC_MSGSEND = YES;
				ENABLE_TESTABILITY = YES;
				GCC_C_LANGUAGE_STANDARD = gnu11;
				GCC_DYNAMIC_NO_PIC = NO;
				GCC_NO_COMMON_BLOCKS = YES;
				GCC_OPTIMIZATION_LEVEL = 0;
				GCC_PREPROCESSOR_DEFINITIONS = (
					"DEBUG=1",
					"$(inherited)",
				);
				GCC_WARN_64_TO_32_BIT_CONVERSION = YES;
				GCC_WARN_ABOUT_RETURN_TYPE = YES_ERROR;
				GCC_WARN_UNDECLARED_SELECTOR = YES;
				GCC_WARN_UNINITIALIZED_AUTOS = YES_AGGRESSIVE;
				GCC_WARN_UNUSED_FUNCTION = YES;
				GCC_WARN_UNUSED_VARIABLE = YES;
				IPHONEOS_DEPLOYMENT_TARGET = 11.4;
				MTL_ENABLE_DEBUG_INFO = YES;
				ONLY_ACTIVE_ARCH = YES;
				SDKROOT = iphoneos;
			};
			name = Debug;
		};
		AA95AC9B211E1B1F000265FA /* Release */ = {
			isa = XCBuildConfiguration;
			buildSettings = {
				ALWAYS_SEARCH_USER_PATHS = NO;
				CLANG_ANALYZER_NONNULL = YES;
				CLANG_ANALYZER_NUMBER_OBJECT_CONVERSION = YES_AGGRESSIVE;
				CLANG_CXX_LANGUAGE_STANDARD = "gnu++14";
				CLANG_CXX_LIBRARY = "libc++";
				CLANG_ENABLE_MODULES = YES;
				CLANG_ENABLE_OBJC_ARC = YES;
				CLANG_ENABLE_OBJC_WEAK = YES;
				CLANG_WARN_BLOCK_CAPTURE_AUTORELEASING = YES;
				CLANG_WARN_BOOL_CONVERSION = YES;
				CLANG_WARN_COMMA = YES;
				CLANG_WARN_CONSTANT_CONVERSION = YES;
				CLANG_WARN_DEPRECATED_OBJC_IMPLEMENTATIONS = YES;
				CLANG_WARN_DIRECT_OBJC_ISA_USAGE = YES_ERROR;
				CLANG_WARN_DOCUMENTATION_COMMENTS = YES;
				CLANG_WARN_EMPTY_BODY = YES;
				CLANG_WARN_ENUM_CONVERSION = YES;
				CLANG_WARN_INFINITE_RECURSION = YES;
				CLANG_WARN_INT_CONVERSION = YES;
				CLANG_WARN_NON_LITERAL_NULL_CONVERSION = YES;
				CLANG_WARN_OBJC_IMPLICIT_RETAIN_SELF = YES;
				CLANG_WARN_OBJC_LITERAL_CONVERSION = YES;
				CLANG_WARN_OBJC_ROOT_CLASS = YES_ERROR;
				CLANG_WARN_RANGE_LOOP_ANALYSIS = YES;
				CLANG_WARN_STRICT_PROTOTYPES = YES;
				CLANG_WARN_SUSPICIOUS_MOVE = YES;
				CLANG_WARN_UNGUARDED_AVAILABILITY = YES_AGGRESSIVE;
				CLANG_WARN_UNREACHABLE_CODE = YES;
				CLANG_WARN__DUPLICATE_METHOD_MATCH = YES;
				CODE_SIGN_IDENTITY = "iPhone Developer";
				COPY_PHASE_STRIP = NO;
				DEBUG_INFORMATION_FORMAT = "dwarf-with-dsym";
				ENABLE_NS_ASSERTIONS = NO;
				ENABLE_STRICT_OBJC_MSGSEND = YES;
				GCC_C_LANGUAGE_STANDARD = gnu11;
				GCC_NO_COMMON_BLOCKS = YES;
				GCC_WARN_64_TO_32_BIT_CONVERSION = YES;
				GCC_WARN_ABOUT_RETURN_TYPE = YES_ERROR;
				GCC_WARN_UNDECLARED_SELECTOR = YES;
				GCC_WARN_UNINITIALIZED_AUTOS = YES_AGGRESSIVE;
				GCC_WARN_UNUSED_FUNCTION = YES;
				GCC_WARN_UNUSED_VARIABLE = YES;
				IPHONEOS_DEPLOYMENT_TARGET = 11.4;
				MTL_ENABLE_DEBUG_INFO = NO;
				SDKROOT = iphoneos;
				VALIDATE_PRODUCT = YES;
			};
			name = Release;
		};
		AA95AC9D211E1B1F000265FA /* Debug */ = {
			isa = XCBuildConfiguration;
			buildSettings = {
				ASSETCATALOG_COMPILER_APPICON_NAME = AppIcon;
				CODE_SIGN_STYLE = Automatic;
				DEVELOPMENT_TEAM = 6D3DA9G4XW;
				INFOPLIST_FILE = KeyboardHide/Info.plist;
				LD_RUNPATH_SEARCH_PATHS = (
					"$(inherited)",
					"@executable_path/Frameworks",
				);
				PRODUCT_BUNDLE_IDENTIFIER = com.cocoanutmobile.KeyboardHide;
				PRODUCT_NAME = "$(TARGET_NAME)";
				TARGETED_DEVICE_FAMILY = "1,2";
			};
			name = Debug;
		};
		AA95AC9E211E1B1F000265FA /* Release */ = {
			isa = XCBuildConfiguration;
			buildSettings = {
				ASSETCATALOG_COMPILER_APPICON_NAME = AppIcon;
				CODE_SIGN_STYLE = Automatic;
				DEVELOPMENT_TEAM = 6D3DA9G4XW;
				INFOPLIST_FILE = KeyboardHide/Info.plist;
				LD_RUNPATH_SEARCH_PATHS = (
					"$(inherited)",
					"@executable_path/Frameworks",
				);
				PRODUCT_BUNDLE_IDENTIFIER = com.cocoanutmobile.KeyboardHide;
				PRODUCT_NAME = "$(TARGET_NAME)";
				TARGETED_DEVICE_FAMILY = "1,2";
			};
			name = Release;
		};
/* End XCBuildConfiguration section */

/* Begin XCConfigurationList section */
		AA95AC81211E1B1E000265FA /* Build configuration list for PBXProject "KeyboardHide" */ = {
			isa = XCConfigurationList;
			buildConfigurations = (
				AA95AC9A211E1B1F000265FA /* Debug */,
				AA95AC9B211E1B1F000265FA /* Release */,
			);
			defaultConfigurationIsVisible = 0;
			defaultConfigurationName = Release;
		};
		AA95AC9C211E1B1F000265FA /* Build configuration list for PBXNativeTarget "KeyboardHide" */ = {
			isa = XCConfigurationList;
			buildConfigurations = (
				AA95AC9D211E1B1F000265FA /* Debug */,
				AA95AC9E211E1B1F000265FA /* Release */,
			);
			defaultConfigurationIsVisible = 0;
			defaultConfigurationName = Release;
		};
/* End XCConfigurationList section */
	};
	rootObject = AA95AC7E211E1B1E000265FA /* Project object */;
}
